
Microsoft Visual Studio Solution File, Format Version 12.00
# Visual Studio Version 16
VisualStudioVersion = 16.0.31729.503
MinimumVisualStudioVersion = 10.0.40219.1
Project("{FAE04EC0-301F-11D3-BF4B-00C04F79EFBC}") = "CommonActWinform", "CommonActWinform\CommonActWinform.csproj", "{B422E4E4-B494-4DAD-AAA2-D40F887DB3A0}"
EndProject
Global
	GlobalSection(SolutionConfigurationPlatforms) = preSolution
		Debug|Any CPU = Debug|Any CPU
		Release|Any CPU = Release|Any CPU
	EndGlobalSection
	GlobalSection(ProjectConfigurationPlatforms) = postSolution
		{B422E4E4-B494-4DAD-AAA2-D40F887DB3A0}.Debug|Any CPU.ActiveCfg = Debug|Any CPU
		{B422E4E4-B494-4DAD-AAA2-D40F887DB3A0}.Debug|Any CPU.Build.0 = Debug|Any CPU
		{B422E4E4-B494-4DAD-AAA2-D40F887DB3A0}.Release|Any CPU.ActiveCfg = Release|Any CPU
		{B422E4E4-B494-4DAD-AAA2-D40F887DB3A0}.Release|Any CPU.Build.0 = Release|Any CPU
	EndGlobalSection
	GlobalSection(SolutionProperties) = preSolution
		HideSolutionNode = FALSE
	EndGlobalSection
	GlobalSection(ExtensibilityGlobals) = postSolution
		SolutionGuid = {E7F263A5-6D43-4FEC-A040-97E2A4FA2674}
	EndGlobalSection
EndGlobal
